# THIS IS AN AUTOGENERATED FILE. DO NOT EDIT THIS FILE DIRECTLY.
# yarn lockfile v1


"@expo/react-native-action-sheet@^2.0.1":
  version "2.1.0"
  resolved "https://registry.yarnpkg.com/@expo/react-native-action-sheet/-/react-native-action-sheet-2.1.0.tgz#7c3f6def52aee15ca7bd9e03cc0529e64618592c"
  integrity sha512-gtFPQp36pLZxd29vTov+ewaJ7Bd3obP5XxaphwaKZRBVtHrbfd5DvdMBKs8//Y19pRseKrskdATou3b8EKk8Sg==
  dependencies:
    hoist-non-react-statics "^2.2.2"
    prop-types "^15.5.10"

babel-plugin-check-es2015-constants@6.22.0:
  version "6.22.0"
  resolved "https://registry.yarnpkg.com/babel-plugin-check-es2015-constants/-/babel-plugin-check-es2015-constants-6.22.0.tgz#35157b101426fd2ffd3da3f75c7d1e91835bbf8a"
  integrity sha1-NRV7EBQm/S/9PaP3XH0ekYNbv4o=
  dependencies:
    babel-runtime "^6.22.0"

babel-runtime@^6.22.0:
  version "6.26.0"
  resolved "https://registry.yarnpkg.com/babel-runtime/-/babel-runtime-6.26.0.tgz#965c7058668e82b55d7bfe04ff2337bc8b5647fe"
  integrity sha1-llxwWGaOgrVde/4E/yM3vItWR/4=
  dependencies:
    core-js "^2.4.0"
    regenerator-runtime "^0.11.0"

core-js@^2.4.0:
  version "2.6.9"
  resolved "https://registry.yarnpkg.com/core-js/-/core-js-2.6.9.tgz#6b4b214620c834152e179323727fc19741b084f2"
  integrity sha512-HOpZf6eXmnl7la+cUdMnLvUxKNqLUzJvgIziQ0DiF3JwSImNphIqdGqzj6hIKyX04MmV0poclQ7+wjWvxQyR2A==

expo-constants@~5.0.1:
  version "5.0.1"
  resolved "https://registry.yarnpkg.com/expo-constants/-/expo-constants-5.0.1.tgz#597263397f269d7fe37d9cd6b30e305c16635a00"
  integrity sha512-Ny3teALKaE/jFzBg6DHr2GOoHpwQ/OLs3q3VugZOoR6hXCeVcCEP9MyNvhgn/cheeBDAa6UIgarv2Yufb5RMqQ==
  dependencies:
    ua-parser-js "^0.7.19"

expo-image-picker@~5.0.2:
  version "5.0.2"
  resolved "https://registry.yarnpkg.com/expo-image-picker/-/expo-image-picker-5.0.2.tgz#975ef46bc614d471f01e6de0b2db42e55aab4a56"
  integrity sha512-6Lf0rd21JhcOxL0ThL0VLewaR0w8SZ/49FYFsyx/XGpo6CSqu9AOZrS11BnVqlwHPaiS4OPsFSlO4IhEF72mFQ==

expo-location@~5.0.1:
  version "5.0.1"
  resolved "https://registry.yarnpkg.com/expo-location/-/expo-location-5.0.1.tgz#697adb49b42018db9e32aa05b7623e0d71250eb9"
  integrity sha512-YXMrPuYlLfqcHxKjwdc99XjCpeJYWtxu6kqaM9f++u/zjeup95YNnlzeq8uD7YhNuWk8O6boVAFTSXPn9bY+9w==
  dependencies:
    invariant "^2.2.4"

expo-permissions@~5.0.1:
  version "5.0.1"
  resolved "https://registry.yarnpkg.com/expo-permissions/-/expo-permissions-5.0.1.tgz#cc6af49a37ea3ab73e780a8a19f22b7662379941"
  integrity sha512-cOg9f9TaV8grORTwLSuoPfviDGcJSALjaALvxdmQD5ujPW6lxO6Ofd/s4/dV4L3lJww4HXiurjPJnT5yo+3ydw==

hoist-non-react-statics@^2.2.2:
  version "2.5.5"
  resolved "https://registry.yarnpkg.com/hoist-non-react-statics/-/hoist-non-react-statics-2.5.5.tgz#c5903cf409c0dfd908f388e619d86b9c1174cb47"
  integrity sha512-rqcy4pJo55FTTLWt+bU8ukscqHeE/e9KWvsOW2b/a3afxQZhwkQdT1rPPCJ0rYXdj4vNcasY8zHTH+jF/qStxw==

invariant@^2.2.4:
  version "2.2.4"
  resolved "https://registry.yarnpkg.com/invariant/-/invariant-2.2.4.tgz#610f3c92c9359ce1db616e538008d23ff35158e6"
  integrity sha512-phJfQVBuaJM5raOpJjSfkiD6BpbCE4Ns//LaXl6wGYtUBY83nWS6Rf9tXm2e8VaK60JEjYldbPif/A2B1C2gNA==
  dependencies:
    loose-envify "^1.0.0"

"js-tokens@^3.0.0 || ^4.0.0":
  version "4.0.0"
  resolved "https://registry.yarnpkg.com/js-tokens/-/js-tokens-4.0.0.tgz#19203fb59991df98e3a287050d4647cdeaf32499"
  integrity sha512-RdJUflcE3cUzKiMqQgsCu06FPu9UdIJO0beYbPhHN4k6apgJtifcoCtT9bcxOpYBtpD2kCM6Sbzg4CausW/PKQ==

keymirror@^0.1.1:
  version "0.1.1"
  resolved "https://registry.yarnpkg.com/keymirror/-/keymirror-0.1.1.tgz#918889ea13f8d0a42e7c557250eee713adc95c35"
  integrity sha1-kYiJ6hP40KQufFVyUO7nE63JXDU=

loose-envify@^1.0.0, loose-envify@^1.4.0:
  version "1.4.0"
  resolved "https://registry.yarnpkg.com/loose-envify/-/loose-envify-1.4.0.tgz#71ee51fa7be4caec1a63839f7e682d8132d30caf"
  integrity sha512-lyuxPGr/Wfhrlem2CL/UcnUc1zcqKAImBDzukY7Y5F/yQiNdko6+fRLevlw1HgMySw7f611UIY408EtxRSoK3Q==
  dependencies:
    js-tokens "^3.0.0 || ^4.0.0"

moment@^2.19.0:
  version "2.24.0"
  resolved "https://registry.yarnpkg.com/moment/-/moment-2.24.0.tgz#0d055d53f5052aa653c9f6eb68bb5d12bf5c2b5b"
  integrity sha512-bV7f+6l2QigeBBZSM/6yTNq4P2fNpSWj/0e7jQcy87A8e7o2nAfP/34/2ky5Vw4B9S446EtIhodAzkFCcR4dQg==

object-assign@^4.1.1:
  version "4.1.1"
  resolved "https://registry.yarnpkg.com/object-assign/-/object-assign-4.1.1.tgz#2109adc7965887cfc05cbbd442cac8bfbb360863"
  integrity sha1-IQmtx5ZYh8/AXLvUQsrIv7s2CGM=

prop-types@^15.5.10:
  version "15.7.2"
  resolved "https://registry.yarnpkg.com/prop-types/-/prop-types-15.7.2.tgz#52c41e75b8c87e72b9d9360e0206b99dcbffa6c5"
  integrity sha512-8QQikdH7//R2vurIJSutZ1smHYTcLpRWEOlHnzcWHmBYrOGUysKwSsrC89BCiFj3CbrfJ/nXFdJepOVrY1GCHQ==
  dependencies:
    loose-envify "^1.4.0"
    object-assign "^4.1.1"
    react-is "^16.8.1"

react-is@^16.8.1:
  version "16.9.0"
  resolved "https://registry.yarnpkg.com/react-is/-/react-is-16.9.0.tgz#21ca9561399aad0ff1a7701c01683e8ca981edcb"
  integrity sha512-tJBzzzIgnnRfEm046qRcURvwQnZVXmuCbscxUO5RWrGTXpon2d4c8mI0D8WE6ydVIm29JiLB6+RslkIvym9Rjw==

react-native-animatable@^1.2.4:
  version "1.3.2"
  resolved "https://registry.yarnpkg.com/react-native-animatable/-/react-native-animatable-1.3.2.tgz#4783ee1a73dc98815aef234ce6b819f80bfe7d80"
  integrity sha512-rmah3KQ63ft8DxkzFUwJSuZeq+oSYwldoGF4DTOR5WM2WR5wiWLgBAtrAHlI3Di3by323uOR21s+MlqPcHz2Kw==
  dependencies:
    prop-types "^15.5.10"

react-native-communications@2.2.1:
  version "2.2.1"
  resolved "https://registry.yarnpkg.com/react-native-communications/-/react-native-communications-2.2.1.tgz#7883b56b20a002eeb790c113f8616ea8692ca795"
  integrity sha1-eIO1ayCgAu63kMET+GFuqGksp5U=

react-native-gifted-chat@^0.9.11:
  version "0.9.11"
  resolved "https://registry.yarnpkg.com/react-native-gifted-chat/-/react-native-gifted-chat-0.9.11.tgz#4ad9a8908dd9e276b4997dd4f33bc6541ce75b33"
  integrity sha512-2ytloWx2+PIuTBBNwj3tSrtuD03bXzHkfg1ZN1fM6iOLpeKWWiKgSlUm7D/ylmFhOsOGrAdhscFYBB/y7IkE5w==
  dependencies:
    "@expo/react-native-action-sheet" "^2.0.1"
    expo-constants "~5.0.1"
    expo-image-picker "~5.0.2"
    expo-location "~5.0.1"
    expo-permissions "~5.0.1"
    moment "^2.19.0"
    react-native-communications "2.2.1"
    react-native-iphone-x-helper "^1.2.0"
    react-native-lightbox "^0.7.0"
    react-native-maps "~0.24.0"
    react-native-parsed-text "^0.0.20"
    react-native-video "4.4.2"
    uuid "3.3.0"

react-native-iphone-x-helper@^1.2.0:
  version "1.2.1"
  resolved "https://registry.yarnpkg.com/react-native-iphone-x-helper/-/react-native-iphone-x-helper-1.2.1.tgz#645e2ffbbb49e80844bb4cbbe34a126fda1e6772"
  integrity sha512-/VbpIEp8tSNNHIvstuA3Swx610whci1Zpc9mqNkqn14DkMbw+ORviln2u0XyHG1kPvvwTNGZY6QpeFwxYaSdbQ==

react-native-lightbox@^0.7.0:
  version "0.7.0"
  resolved "https://registry.yarnpkg.com/react-native-lightbox/-/react-native-lightbox-0.7.0.tgz#e52b4d7fcc141f59d7b23f0180de535e35b20ec9"
  integrity sha512-HS3T4WlCd0Gb3us2d6Jse5m6KjNhngnKm35Wapq30WtQa9s+/VMmtuktbGPGaWtswcDyOj6qByeJBw9W80iPCA==
  dependencies:
    prop-types "^15.5.10"

react-native-maps@~0.24.0:
  version "0.24.2"
  resolved "https://registry.yarnpkg.com/react-native-maps/-/react-native-maps-0.24.2.tgz#19974f967cb0c2e24dab74ca879118e0932571b2"
  integrity sha512-1iNIDikp2dkCG+8DguaEviYZiMSYyvwqYT7pO2YTZvuFRDSc/P9jXMhTUnSh4wNDlEeQ47OJ09l0pwWVBZ7wxg==

react-native-parsed-text@^0.0.20:
  version "0.0.20"
  resolved "https://registry.yarnpkg.com/react-native-parsed-text/-/react-native-parsed-text-0.0.20.tgz#7bd35fec88c3ca0eb0e8250a98e24092b4ee7fef"
  integrity sha512-n77hYu64Tr3oclzIXBXXaiLh1WbMKdA2Y0x6bX/yqwxAM4afcObENY5VrNB+EsTBJBEDqrypA9D1p2cLEIHkuQ==
  dependencies:
    babel-plugin-check-es2015-constants "6.22.0"
    prop-types "^15.5.10"

react-native-video@4.4.2:
  version "4.4.2"
  resolved "https://registry.yarnpkg.com/react-native-video/-/react-native-video-4.4.2.tgz#1abf2a50758cca9285b8807e945fb560316d9ae3"
  integrity sha512-bF17FOSTdrFHeUmN6t4cCa0kLaJT3uzYw1rCzvHFEdkCmdTG4Kcin/cfJ2E29jFViqw2uBPfW6m1y2yI2cgOCQ==
  dependencies:
    keymirror "^0.1.1"
    prop-types "^15.5.10"
    shaka-player "^2.4.4"

regenerator-runtime@^0.11.0:
  version "0.11.1"
  resolved "https://registry.yarnpkg.com/regenerator-runtime/-/regenerator-runtime-0.11.1.tgz#be05ad7f9bf7d22e056f9726cee5017fbf19e2e9"
  integrity sha512-MguG95oij0fC3QV3URf4V2SDYGJhJnJGqvIIgdECeODCT98wSWDAJ94SSuVpYQUoTcGUIL6L4yNB7j1DFFHSBg==

shaka-player@^2.4.4:
  version "2.5.5"
  resolved "https://registry.yarnpkg.com/shaka-player/-/shaka-player-2.5.5.tgz#81e7265f28f631afd3837c06ec6637824bda71e4"
  integrity sha512-YEWBFapWKjwy2+wIgH9NqoFW9A14LIYNAoJ9cQr3c9BGS7qjqxeiYM/H1BJ8so1FQexpsWUdyjwHvcspdc7/nw==

ua-parser-js@^0.7.19:
  version "0.7.20"
  resolved "https://registry.yarnpkg.com/ua-parser-js/-/ua-parser-js-0.7.20.tgz#7527178b82f6a62a0f243d1f94fd30e3e3c21098"
  integrity sha512-8OaIKfzL5cpx8eCMAhhvTlft8GYF8b2eQr6JkCyVdrgjcytyOmPCXrqXFcUnhonRpLlh5yxEZVohm6mzaowUOw==

uuid@3.3.0:
  version "3.3.0"
  resolved "https://registry.yarnpkg.com/uuid/-/uuid-3.3.0.tgz#b237147804881d7b86f40a7ff8f590f15c37de32"
  integrity sha512-ijO9N2xY/YaOqQ5yz5c4sy2ZjWmA6AR6zASb/gdpeKZ8+948CxwfMW9RrKVk5may6ev8c0/Xguu32e2Llelpqw==
